
Microsoft Visual Studio Solution File, Format Version 12.00
# Visual Studio Version 16
VisualStudioVersion = 16.0.29326.143
MinimumVisualStudioVersion = 10.0.40219.1
Project("{9A19103F-16F7-4668-BE54-9A1E7A4F7556}") = "BTCTrader", "BTCTrader\BTCTrader.csproj", "{6BC88872-7501-4DF5-BA49-298381D2EF8D}"
EndProject
Project("{9A19103F-16F7-4668-BE54-9A1E7A4F7556}") = "BTCTrader.Entities", "BTCTrader.Entities\BTCTrader.Entities.csproj", "{D9DABF62-C06D-4AFC-AE38-D27B936F8507}"
EndProject
Project("{9A19103F-16F7-4668-BE54-9A1E7A4F7556}") = "BTCTrader.Models", "BTCTrader.Models\BTCTrader.Models.csproj", "{5703F28C-5F1D-46A3-94D7-123F7C647FA8}"
EndProject
Project("{9A19103F-16F7-4668-BE54-9A1E7A4F7556}") = "BTCTrader.Api", "BTCTrader.ApiClient\BTCTrader.Api.csproj", "{277CD676-9E9D-47F8-857C-D1B1CB16197F}"
EndProject
Project("{9A19103F-16F7-4668-BE54-9A1E7A4F7556}") = "BTCTrader.Configuration", "BTCTrader.Configuration\BTCTrader.Configuration.csproj", "{7CD3A1CC-CA2D-4467-BD60-6A3A854E533B}"
EndProject
Project("{2150E333-8FDC-42A3-9474-1A3956D46DE8}") = "Solution Items", "Solution Items", "{B0D1BE5D-1842-4C2D-8065-BB07C20CD7C9}"
	ProjectSection(SolutionItems) = preProject
		appsettings-zt.json = appsettings-zt.json
		appsettings.json = appsettings.json
	EndProjectSection
EndProject
Project("{9A19103F-16F7-4668-BE54-9A1E7A4F7556}") = "BTCTrader.IntegrationTests", "BTCTrader.IntegrationTests\BTCTrader.IntegrationTests.csproj", "{91C8C2FC-E798-4738-95E5-CF351DA43077}"
EndProject
Project("{9A19103F-16F7-4668-BE54-9A1E7A4F7556}") = "BTCTrader.UnitTests", "BTCTrader.UnitTests\BTCTrader.UnitTests.csproj", "{CC6A2589-6EAF-44D4-8F99-91A43A5A85AF}"
EndProject
Project("{2150E333-8FDC-42A3-9474-1A3956D46DE8}") = "Tests", "Tests", "{ACABEC8A-77B3-42DF-BA18-E10BCB42D571}"
EndProject
Project("{9A19103F-16F7-4668-BE54-9A1E7A4F7556}") = "BTCTrader.Constants", "BTCTrader.Constants\BTCTrader.Constants.csproj", "{48FD7C92-4941-4EE2-9F27-977D2C9A6F5A}"
EndProject
Project("{9A19103F-16F7-4668-BE54-9A1E7A4F7556}") = "BTCTrader.Trading", "BTCTrader.Trading\BTCTrader.Trading.csproj", "{58E18FFF-0645-4D4B-A221-5BC1FB3D8A21}"
EndProject
Global
	GlobalSection(SolutionConfigurationPlatforms) = preSolution
		Debug|Any CPU = Debug|Any CPU
		Release|Any CPU = Release|Any CPU
	EndGlobalSection
	GlobalSection(ProjectConfigurationPlatforms) = postSolution
		{6BC88872-7501-4DF5-BA49-298381D2EF8D}.Debug|Any CPU.ActiveCfg = Debug|Any CPU
		{6BC88872-7501-4DF5-BA49-298381D2EF8D}.Debug|Any CPU.Build.0 = Debug|Any CPU
		{6BC88872-7501-4DF5-BA49-298381D2EF8D}.Release|Any CPU.ActiveCfg = Release|Any CPU
		{6BC88872-7501-4DF5-BA49-298381D2EF8D}.Release|Any CPU.Build.0 = Release|Any CPU
		{D9DABF62-C06D-4AFC-AE38-D27B936F8507}.Debug|Any CPU.ActiveCfg = Debug|Any CPU
		{D9DABF62-C06D-4AFC-AE38-D27B936F8507}.Debug|Any CPU.Build.0 = Debug|Any CPU
		{D9DABF62-C06D-4AFC-AE38-D27B936F8507}.Release|Any CPU.ActiveCfg = Release|Any CPU
		{D9DABF62-C06D-4AFC-AE38-D27B936F8507}.Release|Any CPU.Build.0 = Release|Any CPU
		{5703F28C-5F1D-46A3-94D7-123F7C647FA8}.Debug|Any CPU.ActiveCfg = Debug|Any CPU
		{5703F28C-5F1D-46A3-94D7-123F7C647FA8}.Debug|Any CPU.Build.0 = Debug|Any CPU
		{5703F28C-5F1D-46A3-94D7-123F7C647FA8}.Release|Any CPU.ActiveCfg = Release|Any CPU
		{5703F28C-5F1D-46A3-94D7-123F7C647FA8}.Release|Any CPU.Build.0 = Release|Any CPU
		{277CD676-9E9D-47F8-857C-D1B1CB16197F}.Debug|Any CPU.ActiveCfg = Debug|Any CPU
		{277CD676-9E9D-47F8-857C-D1B1CB16197F}.Debug|Any CPU.Build.0 = Debug|Any CPU
		{277CD676-9E9D-47F8-857C-D1B1CB16197F}.Release|Any CPU.ActiveCfg = Release|Any CPU
		{277CD676-9E9D-47F8-857C-D1B1CB16197F}.Release|Any CPU.Build.0 = Release|Any CPU
		{7CD3A1CC-CA2D-4467-BD60-6A3A854E533B}.Debug|Any CPU.ActiveCfg = Debug|Any CPU
		{7CD3A1CC-CA2D-4467-BD60-6A3A854E533B}.Debug|Any CPU.Build.0 = Debug|Any CPU
		{7CD3A1CC-CA2D-4467-BD60-6A3A854E533B}.Release|Any CPU.ActiveCfg = Release|Any CPU
		{7CD3A1CC-CA2D-4467-BD60-6A3A854E533B}.Release|Any CPU.Build.0 = Release|Any CPU
		{91C8C2FC-E798-4738-95E5-CF351DA43077}.Debug|Any CPU.ActiveCfg = Debug|Any CPU
		{91C8C2FC-E798-4738-95E5-CF351DA43077}.Debug|Any CPU.Build.0 = Debug|Any CPU
		{91C8C2FC-E798-4738-95E5-CF351DA43077}.Release|Any CPU.ActiveCfg = Release|Any CPU
		{91C8C2FC-E798-4738-95E5-CF351DA43077}.Release|Any CPU.Build.0 = Release|Any CPU
		{CC6A2589-6EAF-44D4-8F99-91A43A5A85AF}.Debug|Any CPU.ActiveCfg = Debug|Any CPU
		{CC6A2589-6EAF-44D4-8F99-91A43A5A85AF}.Debug|Any CPU.Build.0 = Debug|Any CPU
		{CC6A2589-6EAF-44D4-8F99-91A43A5A85AF}.Release|Any CPU.ActiveCfg = Release|Any CPU
		{CC6A2589-6EAF-44D4-8F99-91A43A5A85AF}.Release|Any CPU.Build.0 = Release|Any CPU
		{48FD7C92-4941-4EE2-9F27-977D2C9A6F5A}.Debug|Any CPU.ActiveCfg = Debug|Any CPU
		{48FD7C92-4941-4EE2-9F27-977D2C9A6F5A}.Debug|Any CPU.Build.0 = Debug|Any CPU
		{48FD7C92-4941-4EE2-9F27-977D2C9A6F5A}.Release|Any CPU.ActiveCfg = Release|Any CPU
		{48FD7C92-4941-4EE2-9F27-977D2C9A6F5A}.Release|Any CPU.Build.0 = Release|Any CPU
		{58E18FFF-0645-4D4B-A221-5BC1FB3D8A21}.Debug|Any CPU.ActiveCfg = Debug|Any CPU
		{58E18FFF-0645-4D4B-A221-5BC1FB3D8A21}.Debug|Any CPU.Build.0 = Debug|Any CPU
		{58E18FFF-0645-4D4B-A221-5BC1FB3D8A21}.Release|Any CPU.ActiveCfg = Release|Any CPU
		{58E18FFF-0645-4D4B-A221-5BC1FB3D8A21}.Release|Any CPU.Build.0 = Release|Any CPU
	EndGlobalSection
	GlobalSection(SolutionProperties) = preSolution
		HideSolutionNode = FALSE
	EndGlobalSection
	GlobalSection(NestedProjects) = preSolution
		{91C8C2FC-E798-4738-95E5-CF351DA43077} = {ACABEC8A-77B3-42DF-BA18-E10BCB42D571}
		{CC6A2589-6EAF-44D4-8F99-91A43A5A85AF} = {ACABEC8A-77B3-42DF-BA18-E10BCB42D571}
	EndGlobalSection
	GlobalSection(ExtensibilityGlobals) = postSolution
		SolutionGuid = {28584774-0693-466A-8158-C6F10E52A402}
	EndGlobalSection
EndGlobal
